
Microsoft Visual Studio Solution File, Format Version 12.00
# Visual Studio Version 17
VisualStudioVersion = 17.11.35222.181
MinimumVisualStudioVersion = 10.0.40219.1
Project("{FAE04EC0-301F-11D3-BF4B-00C04F79EFBC}") = "Bussines", "Bussines\Bussines.csproj", "{B1F75A48-C36E-4A2A-B8B6-7B480D9ED72E}"
EndProject
Project("{FAE04EC0-301F-11D3-BF4B-00C04F79EFBC}") = "Data", "Data\Data.csproj", "{415C5914-CD0D-48E4-97EE-A71D8C558E4D}"
EndProject
Project("{FAE04EC0-301F-11D3-BF4B-00C04F79EFBC}") = "Entity", "Entity\Entity.csproj", "{E21F1841-3F76-45C8-AC40-6ACE7F3781DF}"
EndProject
Project("{FAE04EC0-301F-11D3-BF4B-00C04F79EFBC}") = "Utilities", "Utilities\Utilities.csproj", "{6F59B2A4-09AB-4B2A-8854-1B7BACF6A7ED}"
EndProject
Project("{FAE04EC0-301F-11D3-BF4B-00C04F79EFBC}") = "Diagram", "Diagram\Diagram.csproj", "{6330BC44-6965-4DCA-8081-E769829335CD}"
EndProject
Project("{FAE04EC0-301F-11D3-BF4B-00C04F79EFBC}") = "Web", "Web\Web.csproj", "{9507D1D3-8BA4-479C-83C8-8BA5AB2500B9}"
EndProject
Global
	GlobalSection(SolutionConfigurationPlatforms) = preSolution
		Debug|Any CPU = Debug|Any CPU
		Release|Any CPU = Release|Any CPU
	EndGlobalSection
	GlobalSection(ProjectConfigurationPlatforms) = postSolution
		{B1F75A48-C36E-4A2A-B8B6-7B480D9ED72E}.Debug|Any CPU.ActiveCfg = Debug|Any CPU
		{B1F75A48-C36E-4A2A-B8B6-7B480D9ED72E}.Debug|Any CPU.Build.0 = Debug|Any CPU
		{B1F75A48-C36E-4A2A-B8B6-7B480D9ED72E}.Release|Any CPU.ActiveCfg = Release|Any CPU
		{B1F75A48-C36E-4A2A-B8B6-7B480D9ED72E}.Release|Any CPU.Build.0 = Release|Any CPU
		{415C5914-CD0D-48E4-97EE-A71D8C558E4D}.Debug|Any CPU.ActiveCfg = Debug|Any CPU
		{415C5914-CD0D-48E4-97EE-A71D8C558E4D}.Debug|Any CPU.Build.0 = Debug|Any CPU
		{415C5914-CD0D-48E4-97EE-A71D8C558E4D}.Release|Any CPU.ActiveCfg = Release|Any CPU
		{415C5914-CD0D-48E4-97EE-A71D8C558E4D}.Release|Any CPU.Build.0 = Release|Any CPU
		{E21F1841-3F76-45C8-AC40-6ACE7F3781DF}.Debug|Any CPU.ActiveCfg = Debug|Any CPU
		{E21F1841-3F76-45C8-AC40-6ACE7F3781DF}.Debug|Any CPU.Build.0 = Debug|Any CPU
		{E21F1841-3F76-45C8-AC40-6ACE7F3781DF}.Release|Any CPU.ActiveCfg = Release|Any CPU
		{E21F1841-3F76-45C8-AC40-6ACE7F3781DF}.Release|Any CPU.Build.0 = Release|Any CPU
		{6F59B2A4-09AB-4B2A-8854-1B7BACF6A7ED}.Debug|Any CPU.ActiveCfg = Debug|Any CPU
		{6F59B2A4-09AB-4B2A-8854-1B7BACF6A7ED}.Debug|Any CPU.Build.0 = Debug|Any CPU
		{6F59B2A4-09AB-4B2A-8854-1B7BACF6A7ED}.Release|Any CPU.ActiveCfg = Release|Any CPU
		{6F59B2A4-09AB-4B2A-8854-1B7BACF6A7ED}.Release|Any CPU.Build.0 = Release|Any CPU
		{6330BC44-6965-4DCA-8081-E769829335CD}.Debug|Any CPU.ActiveCfg = Debug|Any CPU
		{6330BC44-6965-4DCA-8081-E769829335CD}.Debug|Any CPU.Build.0 = Debug|Any CPU
		{6330BC44-6965-4DCA-8081-E769829335CD}.Release|Any CPU.ActiveCfg = Release|Any CPU
		{6330BC44-6965-4DCA-8081-E769829335CD}.Release|Any CPU.Build.0 = Release|Any CPU
		{9507D1D3-8BA4-479C-83C8-8BA5AB2500B9}.Debug|Any CPU.ActiveCfg = Debug|Any CPU
		{9507D1D3-8BA4-479C-83C8-8BA5AB2500B9}.Debug|Any CPU.Build.0 = Debug|Any CPU
		{9507D1D3-8BA4-479C-83C8-8BA5AB2500B9}.Release|Any CPU.ActiveCfg = Release|Any CPU
		{9507D1D3-8BA4-479C-83C8-8BA5AB2500B9}.Release|Any CPU.Build.0 = Release|Any CPU
	EndGlobalSection
	GlobalSection(SolutionProperties) = preSolution
		HideSolutionNode = FALSE
	EndGlobalSection
	GlobalSection(ExtensibilityGlobals) = postSolution
		SolutionGuid = {5795B651-5369-4E77-9EC9-195F7F9EFB0A}
	EndGlobalSection
EndGlobal
